{
  "name": "vehlytics-agent",
  "version": "1.0.0",
  "lockfileVersion": 3,
  "requires": true,
  "packages": {
    "": {
      "name": "vehlytics-agent",
      "version": "1.0.0",
      "license": "ISC",
      "dependencies": {
        "@21st-sdk/agent": "^0.0.5",
        "zod": "^4.3.6"
      }
    },
    "node_modules/@21st-sdk/agent": {
      "version": "0.0.5",
      "resolved": "https://registry.npmjs.org/@21st-sdk/agent/-/agent-0.0.5.tgz",
      "integrity": "sha512-T/DKA58mCl0nI5thPuTZtaVV9whtOlSalvDLVH7VUHAdXKNOlR9EAXghwx4PENgpKwedGy6GTfLDld86HCITcA==",
      "license": "MIT",
      "peerDependencies": {
        "zod": ">=3.24"
      }
    },
    "node_modules/zod": {
      "version": "4.3.6",
      "resolved": "https://registry.npmjs.org/zod/-/zod-4.3.6.tgz",
      "integrity": "sha512-rftlrkhHZOcjDwkGlnUtZZkvaPHCsDATp4pGpuOOMDaTdDDXF91wuVDJoWoPsKX/3YPQ5fHuF3STjcYyKr+Qhg==",
      "license": "MIT",
      "funding": {
        "url": "https://github.com/sponsors/colinhacks"
      }
    }
  }
}
